
Microsoft Visual Studio Solution File, Format Version 12.00
# Visual Studio Version 17
VisualStudioVersion = 17.8.34525.116
MinimumVisualStudioVersion = 10.0.40219.1
Project("{2150E333-8FDC-42A3-9474-1A3956D46DE8}") = "ChainOfResponsiblityDesignPattern", "ChainOfResponsiblityDesignPattern", "{957E6827-8EE6-422B-B2E8-BB041CA22EF5}"
EndProject
Project("{9A19103F-16F7-4668-BE54-9A1E7A4F7556}") = "DesignPattern.ChainOfResponsibility", "ChainOfResponsiblityDesignPattern\DesignPattern.ChainOfResponsibility\DesignPattern.ChainOfResponsibility.csproj", "{0D1F5882-29A9-42FA-9DBC-95EC1DF78B5E}"
EndProject
Project("{2150E333-8FDC-42A3-9474-1A3956D46DE8}") = "CQRSDesignPattern", "CQRSDesignPattern", "{0857CC13-3823-4484-89CD-097D146BD34D}"
EndProject
Project("{9A19103F-16F7-4668-BE54-9A1E7A4F7556}") = "DesignPattern.CQRS", "CQRSDesignPattern\DesignPattern.CQRS\DesignPattern.CQRS.csproj", "{30F72128-73A3-4274-9B52-5A49C9193FC5}"
EndProject
Project("{2150E333-8FDC-42A3-9474-1A3956D46DE8}") = "TemplateMethodDesignPattern", "TemplateMethodDesignPattern", "{21F2F174-D0CF-47BD-95BC-C402E587D2CF}"
EndProject
Project("{9A19103F-16F7-4668-BE54-9A1E7A4F7556}") = "DesignPattern.TemplateMethod", "TemplateMethodDesignPattern\DesignPattern.TemplateMethod\DesignPattern.TemplateMethod.csproj", "{3FCE2365-C8BF-487F-BC5A-DB3C4752D6AA}"
EndProject
Project("{2150E333-8FDC-42A3-9474-1A3956D46DE8}") = "ObserverDesignPattern", "ObserverDesignPattern", "{27845B7A-7437-45DA-9299-6C0C37BA2C93}"
EndProject
Project("{9A19103F-16F7-4668-BE54-9A1E7A4F7556}") = "DesignPattern.Observer", "ObserverDesignPattern\DesignPattern.Observer\DesignPattern.Observer.csproj", "{364DE09A-E0F9-4C53-A5CD-DD8E96C2D37E}"
EndProject
Project("{2150E333-8FDC-42A3-9474-1A3956D46DE8}") = "UnitOfWorkDesignPattern", "UnitOfWorkDesignPattern", "{DC5FFF7F-8BFD-435E-B8E5-A14F39C7B3C2}"
EndProject
Project("{9A19103F-16F7-4668-BE54-9A1E7A4F7556}") = "DesignPattern.UnitOfWork", "UnitOfWorkDesignPattern\DesignPattern.UnitOfWork\DesignPattern.UnitOfWork.csproj", "{4FB898F2-9150-4AF8-897F-292A3BF6BDB4}"
EndProject
Project("{9A19103F-16F7-4668-BE54-9A1E7A4F7556}") = "DesignPattern.EntityLayer", "UnitOfWorkDesignPattern\DesignPattern.EntityLayer\DesignPattern.EntityLayer.csproj", "{37DB8FAB-9B1C-444E-B733-119B5E98943A}"
EndProject
Project("{9A19103F-16F7-4668-BE54-9A1E7A4F7556}") = "DesignPattern.DataAccessLayer", "UnitOfWorkDesignPattern\DesignPattern.DataAccessLayer\DesignPattern.DataAccessLayer.csproj", "{2D74ABA7-D985-4237-A17A-64D3B2D4451B}"
EndProject
Project("{9A19103F-16F7-4668-BE54-9A1E7A4F7556}") = "DesignPattern.BusinessLayer", "UnitOfWorkDesignPattern\DesignPattern.BusinessLayer\DesignPattern.BusinessLayer.csproj", "{63741202-A375-42FD-B780-653C872B8BD0}"
EndProject
Project("{2150E333-8FDC-42A3-9474-1A3956D46DE8}") = "RepositoryDesignPattern", "RepositoryDesignPattern", "{B7BB5FB1-4968-4532-BCAC-4434FA6F1697}"
EndProject
Project("{9A19103F-16F7-4668-BE54-9A1E7A4F7556}") = "RepositoryDesignPattern.EntityLayer", "RepositoryDesignPattern\RepositoryDesignPattern.EntityLayer\RepositoryDesignPattern.EntityLayer.csproj", "{0DA3C311-43B6-4E83-96F8-1CA1FDC4D234}"
EndProject
Project("{9A19103F-16F7-4668-BE54-9A1E7A4F7556}") = "RepositoryDesignPattern.DataAccessLayer", "RepositoryDesignPattern\RepositoryDesignPattern.DataAccessLayer\RepositoryDesignPattern.DataAccessLayer.csproj", "{5E5B7D52-06D1-4845-B4A9-AD3154A3028F}"
EndProject
Project("{9A19103F-16F7-4668-BE54-9A1E7A4F7556}") = "RepositoryDesignPattern.BusinessLayer", "RepositoryDesignPattern\RepositoryDesignPattern.BusinessLayer\RepositoryDesignPattern.BusinessLayer.csproj", "{8039C988-A3C1-43F8-99F4-91991B8CFEFA}"
EndProject
Project("{9A19103F-16F7-4668-BE54-9A1E7A4F7556}") = "RepositoryDesignPattern.PresentationLayer", "RepositoryDesignPattern\RepositoryDesignPattern.PresentationLayer\RepositoryDesignPattern.PresentationLayer.csproj", "{8E78CD38-2BBE-4611-9A71-61966EAAB474}"
EndProject
Project("{2150E333-8FDC-42A3-9474-1A3956D46DE8}") = "CompositeDesignPattern", "CompositeDesignPattern", "{A40F5F4C-90CE-418B-A9D1-2E5C5F806EA5}"
EndProject
Project("{9A19103F-16F7-4668-BE54-9A1E7A4F7556}") = "DesignPattern.Composite", "CompositeDesignPattern\DesignPattern.Composite\DesignPattern.Composite.csproj", "{FD23AF86-E475-47EA-BFAA-CAAA183DE79F}"
EndProject
Project("{2150E333-8FDC-42A3-9474-1A3956D46DE8}") = "MediatorDesignPattern", "MediatorDesignPattern", "{FD313226-F324-4298-AC12-82DD293AF9B4}"
EndProject
Project("{9A19103F-16F7-4668-BE54-9A1E7A4F7556}") = "DesignPattern.Mediator", "MediatorDesignPattern\DesignPattern.Mediator\DesignPattern.Mediator.csproj", "{79EA4937-3802-42B6-919C-D86DBB3C9D8F}"
EndProject
Project("{2150E333-8FDC-42A3-9474-1A3956D46DE8}") = "IteratorDesignPattern", "IteratorDesignPattern", "{DBDF641A-E7D5-4E55-BA55-AA4987F1EAA3}"
EndProject
Project("{9A19103F-16F7-4668-BE54-9A1E7A4F7556}") = "DesignPattern.Iterator", "IteratorDesignPattern\DesignPattern.Iterator\DesignPattern.Iterator.csproj", "{97DD1A42-82AC-4EFB-83AB-316F5DC28604}"
EndProject
Project("{2150E333-8FDC-42A3-9474-1A3956D46DE8}") = "FacadeDesignPattern", "FacadeDesignPattern", "{4037F67C-650F-4218-A618-6E83A9908078}"
EndProject
Project("{FAE04EC0-301F-11D3-BF4B-00C04F79EFBC}") = "DesignPattern.Facade", "FacadeDesignPattern\DesignPattern.Facade\DesignPattern.Facade.csproj", "{8218B956-0174-42C2-AD22-437173172126}"
EndProject
Global
	GlobalSection(SolutionConfigurationPlatforms) = preSolution
		Debug|Any CPU = Debug|Any CPU
		Release|Any CPU = Release|Any CPU
	EndGlobalSection
	GlobalSection(ProjectConfigurationPlatforms) = postSolution
		{0D1F5882-29A9-42FA-9DBC-95EC1DF78B5E}.Debug|Any CPU.ActiveCfg = Debug|Any CPU
		{0D1F5882-29A9-42FA-9DBC-95EC1DF78B5E}.Debug|Any CPU.Build.0 = Debug|Any CPU
		{0D1F5882-29A9-42FA-9DBC-95EC1DF78B5E}.Release|Any CPU.ActiveCfg = Release|Any CPU
		{0D1F5882-29A9-42FA-9DBC-95EC1DF78B5E}.Release|Any CPU.Build.0 = Release|Any CPU
		{30F72128-73A3-4274-9B52-5A49C9193FC5}.Debug|Any CPU.ActiveCfg = Debug|Any CPU
		{30F72128-73A3-4274-9B52-5A49C9193FC5}.Debug|Any CPU.Build.0 = Debug|Any CPU
		{30F72128-73A3-4274-9B52-5A49C9193FC5}.Release|Any CPU.ActiveCfg = Release|Any CPU
		{30F72128-73A3-4274-9B52-5A49C9193FC5}.Release|Any CPU.Build.0 = Release|Any CPU
		{3FCE2365-C8BF-487F-BC5A-DB3C4752D6AA}.Debug|Any CPU.ActiveCfg = Debug|Any CPU
		{3FCE2365-C8BF-487F-BC5A-DB3C4752D6AA}.Debug|Any CPU.Build.0 = Debug|Any CPU
		{3FCE2365-C8BF-487F-BC5A-DB3C4752D6AA}.Release|Any CPU.ActiveCfg = Release|Any CPU
		{3FCE2365-C8BF-487F-BC5A-DB3C4752D6AA}.Release|Any CPU.Build.0 = Release|Any CPU
		{364DE09A-E0F9-4C53-A5CD-DD8E96C2D37E}.Debug|Any CPU.ActiveCfg = Debug|Any CPU
		{364DE09A-E0F9-4C53-A5CD-DD8E96C2D37E}.Debug|Any CPU.Build.0 = Debug|Any CPU
		{364DE09A-E0F9-4C53-A5CD-DD8E96C2D37E}.Release|Any CPU.ActiveCfg = Release|Any CPU
		{364DE09A-E0F9-4C53-A5CD-DD8E96C2D37E}.Release|Any CPU.Build.0 = Release|Any CPU
		{4FB898F2-9150-4AF8-897F-292A3BF6BDB4}.Debug|Any CPU.ActiveCfg = Debug|Any CPU
		{4FB898F2-9150-4AF8-897F-292A3BF6BDB4}.Debug|Any CPU.Build.0 = Debug|Any CPU
		{4FB898F2-9150-4AF8-897F-292A3BF6BDB4}.Release|Any CPU.ActiveCfg = Release|Any CPU
		{4FB898F2-9150-4AF8-897F-292A3BF6BDB4}.Release|Any CPU.Build.0 = Release|Any CPU
		{37DB8FAB-9B1C-444E-B733-119B5E98943A}.Debug|Any CPU.ActiveCfg = Debug|Any CPU
		{37DB8FAB-9B1C-444E-B733-119B5E98943A}.Debug|Any CPU.Build.0 = Debug|Any CPU
		{37DB8FAB-9B1C-444E-B733-119B5E98943A}.Release|Any CPU.ActiveCfg = Release|Any CPU
		{37DB8FAB-9B1C-444E-B733-119B5E98943A}.Release|Any CPU.Build.0 = Release|Any CPU
		{2D74ABA7-D985-4237-A17A-64D3B2D4451B}.Debug|Any CPU.ActiveCfg = Debug|Any CPU
		{2D74ABA7-D985-4237-A17A-64D3B2D4451B}.Debug|Any CPU.Build.0 = Debug|Any CPU
		{2D74ABA7-D985-4237-A17A-64D3B2D4451B}.Release|Any CPU.ActiveCfg = Release|Any CPU
		{2D74ABA7-D985-4237-A17A-64D3B2D4451B}.Release|Any CPU.Build.0 = Release|Any CPU
		{63741202-A375-42FD-B780-653C872B8BD0}.Debug|Any CPU.ActiveCfg = Debug|Any CPU
		{63741202-A375-42FD-B780-653C872B8BD0}.Debug|Any CPU.Build.0 = Debug|Any CPU
		{63741202-A375-42FD-B780-653C872B8BD0}.Release|Any CPU.ActiveCfg = Release|Any CPU
		{63741202-A375-42FD-B780-653C872B8BD0}.Release|Any CPU.Build.0 = Release|Any CPU
		{0DA3C311-43B6-4E83-96F8-1CA1FDC4D234}.Debug|Any CPU.ActiveCfg = Debug|Any CPU
		{0DA3C311-43B6-4E83-96F8-1CA1FDC4D234}.Debug|Any CPU.Build.0 = Debug|Any CPU
		{0DA3C311-43B6-4E83-96F8-1CA1FDC4D234}.Release|Any CPU.ActiveCfg = Release|Any CPU
		{0DA3C311-43B6-4E83-96F8-1CA1FDC4D234}.Release|Any CPU.Build.0 = Release|Any CPU
		{5E5B7D52-06D1-4845-B4A9-AD3154A3028F}.Debug|Any CPU.ActiveCfg = Debug|Any CPU
		{5E5B7D52-06D1-4845-B4A9-AD3154A3028F}.Debug|Any CPU.Build.0 = Debug|Any CPU
		{5E5B7D52-06D1-4845-B4A9-AD3154A3028F}.Release|Any CPU.ActiveCfg = Release|Any CPU
		{5E5B7D52-06D1-4845-B4A9-AD3154A3028F}.Release|Any CPU.Build.0 = Release|Any CPU
		{8039C988-A3C1-43F8-99F4-91991B8CFEFA}.Debug|Any CPU.ActiveCfg = Debug|Any CPU
		{8039C988-A3C1-43F8-99F4-91991B8CFEFA}.Debug|Any CPU.Build.0 = Debug|Any CPU
		{8039C988-A3C1-43F8-99F4-91991B8CFEFA}.Release|Any CPU.ActiveCfg = Release|Any CPU
		{8039C988-A3C1-43F8-99F4-91991B8CFEFA}.Release|Any CPU.Build.0 = Release|Any CPU
		{8E78CD38-2BBE-4611-9A71-61966EAAB474}.Debug|Any CPU.ActiveCfg = Debug|Any CPU
		{8E78CD38-2BBE-4611-9A71-61966EAAB474}.Debug|Any CPU.Build.0 = Debug|Any CPU
		{8E78CD38-2BBE-4611-9A71-61966EAAB474}.Release|Any CPU.ActiveCfg = Release|Any CPU
		{8E78CD38-2BBE-4611-9A71-61966EAAB474}.Release|Any CPU.Build.0 = Release|Any CPU
		{FD23AF86-E475-47EA-BFAA-CAAA183DE79F}.Debug|Any CPU.ActiveCfg = Debug|Any CPU
		{FD23AF86-E475-47EA-BFAA-CAAA183DE79F}.Debug|Any CPU.Build.0 = Debug|Any CPU
		{FD23AF86-E475-47EA-BFAA-CAAA183DE79F}.Release|Any CPU.ActiveCfg = Release|Any CPU
		{FD23AF86-E475-47EA-BFAA-CAAA183DE79F}.Release|Any CPU.Build.0 = Release|Any CPU
		{79EA4937-3802-42B6-919C-D86DBB3C9D8F}.Debug|Any CPU.ActiveCfg = Debug|Any CPU
		{79EA4937-3802-42B6-919C-D86DBB3C9D8F}.Debug|Any CPU.Build.0 = Debug|Any CPU
		{79EA4937-3802-42B6-919C-D86DBB3C9D8F}.Release|Any CPU.ActiveCfg = Release|Any CPU
		{79EA4937-3802-42B6-919C-D86DBB3C9D8F}.Release|Any CPU.Build.0 = Release|Any CPU
		{97DD1A42-82AC-4EFB-83AB-316F5DC28604}.Debug|Any CPU.ActiveCfg = Debug|Any CPU
		{97DD1A42-82AC-4EFB-83AB-316F5DC28604}.Debug|Any CPU.Build.0 = Debug|Any CPU
		{97DD1A42-82AC-4EFB-83AB-316F5DC28604}.Release|Any CPU.ActiveCfg = Release|Any CPU
		{97DD1A42-82AC-4EFB-83AB-316F5DC28604}.Release|Any CPU.Build.0 = Release|Any CPU
		{8218B956-0174-42C2-AD22-437173172126}.Debug|Any CPU.ActiveCfg = Debug|Any CPU
		{8218B956-0174-42C2-AD22-437173172126}.Debug|Any CPU.Build.0 = Debug|Any CPU
		{8218B956-0174-42C2-AD22-437173172126}.Release|Any CPU.ActiveCfg = Release|Any CPU
		{8218B956-0174-42C2-AD22-437173172126}.Release|Any CPU.Build.0 = Release|Any CPU
	EndGlobalSection
	GlobalSection(SolutionProperties) = preSolution
		HideSolutionNode = FALSE
	EndGlobalSection
	GlobalSection(NestedProjects) = preSolution
		{0D1F5882-29A9-42FA-9DBC-95EC1DF78B5E} = {957E6827-8EE6-422B-B2E8-BB041CA22EF5}
		{30F72128-73A3-4274-9B52-5A49C9193FC5} = {0857CC13-3823-4484-89CD-097D146BD34D}
		{3FCE2365-C8BF-487F-BC5A-DB3C4752D6AA} = {21F2F174-D0CF-47BD-95BC-C402E587D2CF}
		{364DE09A-E0F9-4C53-A5CD-DD8E96C2D37E} = {27845B7A-7437-45DA-9299-6C0C37BA2C93}
		{4FB898F2-9150-4AF8-897F-292A3BF6BDB4} = {DC5FFF7F-8BFD-435E-B8E5-A14F39C7B3C2}
		{37DB8FAB-9B1C-444E-B733-119B5E98943A} = {DC5FFF7F-8BFD-435E-B8E5-A14F39C7B3C2}
		{2D74ABA7-D985-4237-A17A-64D3B2D4451B} = {DC5FFF7F-8BFD-435E-B8E5-A14F39C7B3C2}
		{63741202-A375-42FD-B780-653C872B8BD0} = {DC5FFF7F-8BFD-435E-B8E5-A14F39C7B3C2}
		{0DA3C311-43B6-4E83-96F8-1CA1FDC4D234} = {B7BB5FB1-4968-4532-BCAC-4434FA6F1697}
		{5E5B7D52-06D1-4845-B4A9-AD3154A3028F} = {B7BB5FB1-4968-4532-BCAC-4434FA6F1697}
		{8039C988-A3C1-43F8-99F4-91991B8CFEFA} = {B7BB5FB1-4968-4532-BCAC-4434FA6F1697}
		{8E78CD38-2BBE-4611-9A71-61966EAAB474} = {B7BB5FB1-4968-4532-BCAC-4434FA6F1697}
		{FD23AF86-E475-47EA-BFAA-CAAA183DE79F} = {A40F5F4C-90CE-418B-A9D1-2E5C5F806EA5}
		{79EA4937-3802-42B6-919C-D86DBB3C9D8F} = {FD313226-F324-4298-AC12-82DD293AF9B4}
		{97DD1A42-82AC-4EFB-83AB-316F5DC28604} = {DBDF641A-E7D5-4E55-BA55-AA4987F1EAA3}
		{8218B956-0174-42C2-AD22-437173172126} = {4037F67C-650F-4218-A618-6E83A9908078}
	EndGlobalSection
	GlobalSection(ExtensibilityGlobals) = postSolution
		SolutionGuid = {ECD0AA28-DD79-4FEB-B12D-D138F083181F}
	EndGlobalSection
EndGlobal
